<?xml version="1.0" encoding="utf-8"?>
<Project ToolsVersion="4.0" xmlns="http://schemas.microsoft.com/developer/msbuild/2003">
  <ItemGroup>
    <Filter Include="Source Files">
      <UniqueIdentifier>{4FC737F1-C7A5-4376-A066-2A32D752A2FF}</UniqueIdentifier>
      <Extensions>cpp;c;cc;cxx;c++;cppm;ixx;def;odl;idl;hpj;bat;asm;asmx</Extensions>
    </Filter>
    <Filter Include="Header Files">
      <UniqueIdentifier>{93995380-89BD-4b04-88EB-625FBE52EBFB}</UniqueIdentifier>
      <Extensions>h;hh;hpp;hxx;h++;hm;inl;inc;ipp;xsd</Extensions>
    </Filter>
    <Filter Include="Source Files\CSImpl">
      <UniqueIdentifier>{54846377-847d-4c54-aed5-8d952f138595}</UniqueIdentifier>
    </Filter>
    <Filter Include="Header Files\CSImpl">
      <UniqueIdentifier>{5f499ae8-fe9d-4650-8e74-5c8948307d7f}</UniqueIdentifier>
    </Filter>
    <Filter Include="Header Files\Util">
      <UniqueIdentifier>{276649d1-d01d-4947-a70a-b26ba6f6e778}</UniqueIdentifier>
    </Filter>
    <Filter Include="Source Files\Util">
      <UniqueIdentifier>{78630919-6e8d-4822-885d-8bc82457984e}</UniqueIdentifier>
    </Filter>
    <Filter Include="Header Files\Structures">
      <UniqueIdentifier>{fe9e74c5-002e-47bf-9753-bed7ce79b533}</UniqueIdentifier>
    </Filter>
    <Filter Include="Source Files\Structures">
      <UniqueIdentifier>{68724fde-7eab-49ec-99ab-f85d8c2a7af2}</UniqueIdentifier>
    </Filter>
    <Filter Include="3rdparty">
      <UniqueIdentifier>{67DA6AB6-F800-4c08-8B7A-83BB121AAD01}</UniqueIdentifier>
      <Extensions>rc;ico;cur;bmp;dlg;rc2;rct;bin;rgs;gif;jpg;jpeg;jpe;resx;tiff;tif;png;wav;mfcribbon-ms</Extensions>
    </Filter>
    <Filter Include="3rdparty\minhook">
      <UniqueIdentifier>{580afd97-eff7-4ed7-aa5f-1f5409f4daf1}</UniqueIdentifier>
    </Filter>
    <Filter Include="3rdparty\imgui">
      <UniqueIdentifier>{572bc1d6-4688-4250-8026-72c8ab3f3b45}</UniqueIdentifier>
    </Filter>
    <Filter Include="Header Files\Rendering">
      <UniqueIdentifier>{caf7ff76-6ba2-4b61-987f-1c19fa7e858f}</UniqueIdentifier>
    </Filter>
    <Filter Include="Source Files\Rendering">
      <UniqueIdentifier>{bb56cd68-8ec3-48d5-9ece-d402b1b77107}</UniqueIdentifier>
    </Filter>
  </ItemGroup>
  <ItemGroup>
    <ClCompile Include="client.cpp">
      <Filter>Source Files</Filter>
    </ClCompile>
    <ClCompile Include="Memory.cpp">
      <Filter>Source Files\Util</Filter>
    </ClCompile>
    <ClCompile Include="cs_funcs.cpp">
      <Filter>Source Files\CSImpl</Filter>
    </ClCompile>
    <ClCompile Include="Schema.cpp">
      <Filter>Source Files\CSImpl</Filter>
    </ClCompile>
    <ClCompile Include="vector.cpp">
      <Filter>Source Files\Structures</Filter>
    </ClCompile>
    <ClCompile Include="qangle.cpp">
      <Filter>Source Files\Structures</Filter>
    </ClCompile>
    <ClCompile Include="Hooks.cpp">
      <Filter>Source Files\CSImpl</Filter>
    </ClCompile>
    <ClCompile Include="3rdparty\minhook\buffer.c">
      <Filter>3rdparty\minhook</Filter>
    </ClCompile>
    <ClCompile Include="3rdparty\minhook\hde\hde32.c">
      <Filter>3rdparty\minhook</Filter>
    </ClCompile>
    <ClCompile Include="3rdparty\minhook\hde\hde64.c">
      <Filter>3rdparty\minhook</Filter>
    </ClCompile>
    <ClCompile Include="3rdparty\minhook\hook.c">
      <Filter>3rdparty\minhook</Filter>
    </ClCompile>
    <ClCompile Include="3rdparty\minhook\trampoline.c">
      <Filter>3rdparty\minhook</Filter>
    </ClCompile>
    <ClCompile Include="3rdparty\imgui\imgui_draw.cpp">
      <Filter>3rdparty\imgui</Filter>
    </ClCompile>
    <ClCompile Include="3rdparty\imgui\imgui_impl_dx11.cpp">
      <Filter>3rdparty\imgui</Filter>
    </ClCompile>
    <ClCompile Include="3rdparty\imgui\imgui_impl_win32.cpp">
      <Filter>3rdparty\imgui</Filter>
    </ClCompile>
    <ClCompile Include="3rdparty\imgui\imgui_tables.cpp">
      <Filter>3rdparty\imgui</Filter>
    </ClCompile>
    <ClCompile Include="3rdparty\imgui\imgui_widgets.cpp">
      <Filter>3rdparty\imgui</Filter>
    </ClCompile>
    <ClCompile Include="3rdparty\imgui\imgui.cpp">
      <Filter>3rdparty\imgui</Filter>
    </ClCompile>
    <ClCompile Include="3rdparty\imgui\imgui_demo.cpp">
      <Filter>3rdparty\imgui</Filter>
    </ClCompile>
    <ClCompile Include="Interfaces.cpp">
      <Filter>Source Files\CSImpl</Filter>
    </ClCompile>
    <ClCompile Include="PlayerCard.cpp">
      <Filter>Source Files\Rendering</Filter>
    </ClCompile>
    <ClCompile Include="Util.cpp">
      <Filter>Source Files\Rendering</Filter>
    </ClCompile>
    <ClCompile Include="MatchHeader.cpp">
      <Filter>Source Files\Rendering</Filter>
    </ClCompile>
    <ClCompile Include="SpecPlayer.cpp">
      <Filter>Source Files\Rendering</Filter>
    </ClCompile>
    <ClCompile Include="Animation.cpp">
      <Filter>Source Files\Rendering</Filter>
    </ClCompile>
    <ClCompile Include="PanoramaImpl.cpp">
      <Filter>Source Files\Rendering</Filter>
    </ClCompile>
  </ItemGroup>
  <ItemGroup>
    <ClInclude Include="inc.h">
      <Filter>Header Files</Filter>
    </ClInclude>
    <ClInclude Include="Memory.h">
      <Filter>Header Files\Util</Filter>
    </ClInclude>
    <ClInclude Include="pe64.h">
      <Filter>Header Files\Util</Filter>
    </ClInclude>
    <ClInclude Include="FNV1A.h">
      <Filter>Header Files\Util</Filter>
    </ClInclude>
    <ClInclude Include="Color.h">
      <Filter>Header Files\Structures</Filter>
    </ClInclude>
    <ClInclude Include="cs_classes.h">
      <Filter>Header Files\CSImpl</Filter>
    </ClInclude>
    <ClInclude Include="Schema.h">
      <Filter>Header Files\CSImpl</Filter>
    </ClInclude>
    <ClInclude Include="const.h">
      <Filter>Header Files\Structures</Filter>
    </ClInclude>
    <ClInclude Include="Handle.h">
      <Filter>Header Files\Structures</Filter>
    </ClInclude>
    <ClInclude Include="qangle.h">
      <Filter>Header Files\Structures</Filter>
    </ClInclude>
    <ClInclude Include="vector.h">
      <Filter>Header Files\Structures</Filter>
    </ClInclude>
    <ClInclude Include="Data.h">
      <Filter>Header Files\CSImpl</Filter>
    </ClInclude>
    <ClInclude Include="gameentitysystem.h">
      <Filter>Header Files\Structures</Filter>
    </ClInclude>
    <ClInclude Include="ischemasystem.h">
      <Filter>Header Files\CSImpl</Filter>
    </ClInclude>
    <ClInclude Include="utlthash.h">
      <Filter>Header Files\CSImpl</Filter>
    </ClInclude>
    <ClInclude Include="Hooks.h">
      <Filter>Header Files\CSImpl</Filter>
    </ClInclude>
    <ClInclude Include="3rdparty\minhook\buffer.h">
      <Filter>3rdparty\minhook</Filter>
    </ClInclude>
    <ClInclude Include="3rdparty\minhook\hde\hde32.h">
      <Filter>3rdparty\minhook</Filter>
    </ClInclude>
    <ClInclude Include="3rdparty\minhook\hde\hde64.h">
      <Filter>3rdparty\minhook</Filter>
    </ClInclude>
    <ClInclude Include="3rdparty\minhook\hde\pstdint.h">
      <Filter>3rdparty\minhook</Filter>
    </ClInclude>
    <ClInclude Include="3rdparty\minhook\hde\table32.h">
      <Filter>3rdparty\minhook</Filter>
    </ClInclude>
    <ClInclude Include="3rdparty\minhook\hde\table64.h">
      <Filter>3rdparty\minhook</Filter>
    </ClInclude>
    <ClInclude Include="3rdparty\minhook\trampoline.h">
      <Filter>3rdparty\minhook</Filter>
    </ClInclude>
    <ClInclude Include="3rdparty\minhook\MinHook.h">
      <Filter>3rdparty\minhook</Filter>
    </ClInclude>
    <ClInclude Include="3rdparty\imgui\imgui_impl_dx11.h">
      <Filter>3rdparty\imgui</Filter>
    </ClInclude>
    <ClInclude Include="3rdparty\imgui\imgui_impl_win32.h">
      <Filter>3rdparty\imgui</Filter>
    </ClInclude>
    <ClInclude Include="3rdparty\imgui\imgui_internal.h">
      <Filter>3rdparty\imgui</Filter>
    </ClInclude>
    <ClInclude Include="3rdparty\imgui\imstb_rectpack.h">
      <Filter>3rdparty\imgui</Filter>
    </ClInclude>
    <ClInclude Include="3rdparty\imgui\imstb_textedit.h">
      <Filter>3rdparty\imgui</Filter>
    </ClInclude>
    <ClInclude Include="3rdparty\imgui\imstb_truetype.h">
      <Filter>3rdparty\imgui</Filter>
    </ClInclude>
    <ClInclude Include="3rdparty\imgui\imconfig.h">
      <Filter>3rdparty\imgui</Filter>
    </ClInclude>
    <ClInclude Include="3rdparty\imgui\imgui.h">
      <Filter>3rdparty\imgui</Filter>
    </ClInclude>
    <ClInclude Include="FontAwesome.h">
      <Filter>3rdparty</Filter>
    </ClInclude>
    <ClInclude Include="State.h">
      <Filter>Header Files\Rendering</Filter>
    </ClInclude>
    <ClInclude Include="3rdparty\stbi.h">
      <Filter>3rdparty</Filter>
    </ClInclude>
    <ClInclude Include="Interfaces.h">
      <Filter>Header Files\CSImpl</Filter>
    </ClInclude>
    <ClInclude Include="PlayerCard.h">
      <Filter>Header Files\Rendering</Filter>
    </ClInclude>
    <ClInclude Include="IconData.h">
      <Filter>Header Files\Rendering</Filter>
    </ClInclude>
    <ClInclude Include="Util.h">
      <Filter>Header Files\Rendering</Filter>
    </ClInclude>
    <ClInclude Include="MatchHeader.h">
      <Filter>Header Files\Rendering</Filter>
    </ClInclude>
    <ClInclude Include="SpecPlayer.h">
      <Filter>Header Files\Rendering</Filter>
    </ClInclude>
    <ClInclude Include="Animation.h">
      <Filter>Header Files\Rendering</Filter>
    </ClInclude>
    <ClInclude Include="PanoramaImpl.h">
      <Filter>Header Files\Rendering</Filter>
    </ClInclude>
    <ClInclude Include="crosshair_png.h">
      <Filter>3rdparty</Filter>
    </ClInclude>
  </ItemGroup>
</Project>